
Microsoft Visual Studio Solution File, Format Version 12.00
# Visual Studio Version 17
VisualStudioVersion = 17.5.2.0
MinimumVisualStudioVersion = 10.0.40219.1
Project("{FAE04EC0-301F-11D3-BF4B-00C04F79EFBC}") = "SalesforceDynamicsGpIntegration", "SalesforceDynamicsGpIntegration.csproj", "{C11D3AB7-5646-4512-9EC3-BB0E9DFAD9C6}"
EndProject
Project("{930C7802-8A8C-48F9-8165-68863BCCD9DD}") = "Installer", "Installer\Installer.wixproj", "{8B4A8EDF-E15A-4132-93C7-0C50AF262AEE}"
EndProject
Global
	GlobalSection(SolutionConfigurationPlatforms) = preSolution
		Debug|Any CPU = Debug|Any CPU
		Debug|x64 = Debug|x64
		Debug|x86 = Debug|x86
		Release|Any CPU = Release|Any CPU
		Release|x64 = Release|x64
		Release|x86 = Release|x86
	EndGlobalSection
	GlobalSection(ProjectConfigurationPlatforms) = postSolution
		{C11D3AB7-5646-4512-9EC3-BB0E9DFAD9C6}.Debug|Any CPU.ActiveCfg = Debug|Any CPU
		{C11D3AB7-5646-4512-9EC3-BB0E9DFAD9C6}.Debug|Any CPU.Build.0 = Debug|Any CPU
		{C11D3AB7-5646-4512-9EC3-BB0E9DFAD9C6}.Debug|x64.ActiveCfg = Debug|Any CPU
		{C11D3AB7-5646-4512-9EC3-BB0E9DFAD9C6}.Debug|x64.Build.0 = Debug|Any CPU
		{C11D3AB7-5646-4512-9EC3-BB0E9DFAD9C6}.Debug|x86.ActiveCfg = Debug|Any CPU
		{C11D3AB7-5646-4512-9EC3-BB0E9DFAD9C6}.Debug|x86.Build.0 = Debug|Any CPU
		{C11D3AB7-5646-4512-9EC3-BB0E9DFAD9C6}.Release|Any CPU.ActiveCfg = Release|Any CPU
		{C11D3AB7-5646-4512-9EC3-BB0E9DFAD9C6}.Release|Any CPU.Build.0 = Release|Any CPU
		{C11D3AB7-5646-4512-9EC3-BB0E9DFAD9C6}.Release|x64.ActiveCfg = Release|Any CPU
		{C11D3AB7-5646-4512-9EC3-BB0E9DFAD9C6}.Release|x64.Build.0 = Release|Any CPU
		{C11D3AB7-5646-4512-9EC3-BB0E9DFAD9C6}.Release|x86.ActiveCfg = Release|Any CPU
		{C11D3AB7-5646-4512-9EC3-BB0E9DFAD9C6}.Release|x86.Build.0 = Release|Any CPU
		{8B4A8EDF-E15A-4132-93C7-0C50AF262AEE}.Debug|Any CPU.ActiveCfg = Debug|Any CPU
		{8B4A8EDF-E15A-4132-93C7-0C50AF262AEE}.Debug|x64.ActiveCfg = Debug|Any CPU
		{8B4A8EDF-E15A-4132-93C7-0C50AF262AEE}.Debug|x86.ActiveCfg = Debug|Any CPU
		{8B4A8EDF-E15A-4132-93C7-0C50AF262AEE}.Release|Any CPU.ActiveCfg = Release|Any CPU
		{8B4A8EDF-E15A-4132-93C7-0C50AF262AEE}.Release|x64.ActiveCfg = Release|Any CPU
		{8B4A8EDF-E15A-4132-93C7-0C50AF262AEE}.Release|x86.ActiveCfg = Release|Any CPU
	EndGlobalSection
	GlobalSection(SolutionProperties) = preSolution
		HideSolutionNode = FALSE
	EndGlobalSection
	GlobalSection(ExtensibilityGlobals) = postSolution
		SolutionGuid = {83E333B6-5CB5-47BE-9ABF-ED05A1AF63F1}
	EndGlobalSection
EndGlobal
